{
  "lockfileVersion": 1,
  "workspaces": {
    "": {
      "name": "sitelink",
      "devDependencies": {
        "@biomejs/biome": "2.2.4",
        "@effect-native/bun-test": "^0.1.3",
        "@effect/language-service": "^0.40.0",
        "@types/bun": "latest",
      },
      "peerDependencies": {
        "typescript": "^5",
      },
    },
  },
  "catalogs": {
    "effect": {
      "@effect/experimental": "^0.54.6",
      "@effect/platform": "^0.90.10",
      "@effect/rpc": "^0.69.4",
      "effect": "^3.17.14",
    },
  },
  "packages": {
    "@biomejs/biome": ["@biomejs/biome@2.2.4", "", { "optionalDependencies": { "@biomejs/cli-darwin-arm64": "2.2.4", "@biomejs/cli-darwin-x64": "2.2.4", "@biomejs/cli-linux-arm64": "2.2.4", "@biomejs/cli-linux-arm64-musl": "2.2.4", "@biomejs/cli-linux-x64": "2.2.4", "@biomejs/cli-linux-x64-musl": "2.2.4", "@biomejs/cli-win32-arm64": "2.2.4", "@biomejs/cli-win32-x64": "2.2.4" }, "bin": { "biome": "bin/biome" } }, "sha512-TBHU5bUy/Ok6m8c0y3pZiuO/BZoY/OcGxoLlrfQof5s8ISVwbVBdFINPQZyFfKwil8XibYWb7JMwnT8wT4WVPg=="],

    "@biomejs/cli-darwin-arm64": ["@biomejs/cli-darwin-arm64@2.2.4", "", { "os": "darwin", "cpu": "arm64" }, "sha512-RJe2uiyaloN4hne4d2+qVj3d3gFJFbmrr5PYtkkjei1O9c+BjGXgpUPVbi8Pl8syumhzJjFsSIYkcLt2VlVLMA=="],

    "@biomejs/cli-darwin-x64": ["@biomejs/cli-darwin-x64@2.2.4", "", { "os": "darwin", "cpu": "x64" }, "sha512-cFsdB4ePanVWfTnPVaUX+yr8qV8ifxjBKMkZwN7gKb20qXPxd/PmwqUH8mY5wnM9+U0QwM76CxFyBRJhC9tQwg=="],

    "@biomejs/cli-linux-arm64": ["@biomejs/cli-linux-arm64@2.2.4", "", { "os": "linux", "cpu": "arm64" }, "sha512-M/Iz48p4NAzMXOuH+tsn5BvG/Jb07KOMTdSVwJpicmhN309BeEyRyQX+n1XDF0JVSlu28+hiTQ2L4rZPvu7nMw=="],

    "@biomejs/cli-linux-arm64-musl": ["@biomejs/cli-linux-arm64-musl@2.2.4", "", { "os": "linux", "cpu": "arm64" }, "sha512-7TNPkMQEWfjvJDaZRSkDCPT/2r5ESFPKx+TEev+I2BXDGIjfCZk2+b88FOhnJNHtksbOZv8ZWnxrA5gyTYhSsQ=="],

    "@biomejs/cli-linux-x64": ["@biomejs/cli-linux-x64@2.2.4", "", { "os": "linux", "cpu": "x64" }, "sha512-orr3nnf2Dpb2ssl6aihQtvcKtLySLta4E2UcXdp7+RTa7mfJjBgIsbS0B9GC8gVu0hjOu021aU8b3/I1tn+pVQ=="],

    "@biomejs/cli-linux-x64-musl": ["@biomejs/cli-linux-x64-musl@2.2.4", "", { "os": "linux", "cpu": "x64" }, "sha512-m41nFDS0ksXK2gwXL6W6yZTYPMH0LughqbsxInSKetoH6morVj43szqKx79Iudkp8WRT5SxSh7qVb8KCUiewGg=="],

    "@biomejs/cli-win32-arm64": ["@biomejs/cli-win32-arm64@2.2.4", "", { "os": "win32", "cpu": "arm64" }, "sha512-NXnfTeKHDFUWfxAefa57DiGmu9VyKi0cDqFpdI+1hJWQjGJhJutHPX0b5m+eXvTKOaf+brU+P0JrQAZMb5yYaQ=="],

    "@biomejs/cli-win32-x64": ["@biomejs/cli-win32-x64@2.2.4", "", { "os": "win32", "cpu": "x64" }, "sha512-3Y4V4zVRarVh/B/eSHczR4LYoSVyv3Dfuvm3cWs5w/HScccS0+Wt/lHOcDTRYeHjQmMYVC3rIRWqyN2EI52+zg=="],

    "@effect-native/bun-test": ["@effect-native/bun-test@0.1.3", "", { "peerDependencies": { "@types/bun": "*", "effect": "*" } }, "sha512-PxDO0up9eZH57clfN+zDvC7Ykjcu4e6Ieq81MDOj0AN5tm13Tgqn0mKPpw1ENX8GTLQlkpdJFQYDdG09U6Xf8g=="],

    "@effect/language-service": ["@effect/language-service@0.40.0", "", { "bin": { "effect-language-service": "cli.js" } }, "sha512-VHikOhYXm+ECy+mLSszHgCfP9YyKQyB9GLFGBKY2nbnru9xwgCnar8pBLA0AkSUjAgn3hc/mdcFdb/XL9uywLQ=="],

    "@standard-schema/spec": ["@standard-schema/spec@1.0.0", "", {}, "sha512-m2bOd0f2RT9k8QJx1JN85cZYyH1RqFBdlwtkSlf4tBDYLCiiZnv1fIIwacK6cqwXavOydf0NPToMQgpKq+dVlA=="],

    "@types/bun": ["@types/bun@1.2.22", "", { "dependencies": { "bun-types": "1.2.22" } }, "sha512-5A/KrKos2ZcN0c6ljRSOa1fYIyCKhZfIVYeuyb4snnvomnpFqC0tTsEkdqNxbAgExV384OETQ//WAjl3XbYqQA=="],

    "@types/node": ["@types/node@24.5.2", "", { "dependencies": { "undici-types": "~7.12.0" } }, "sha512-FYxk1I7wPv3K2XBaoyH2cTnocQEu8AOZ60hPbsyukMPLv5/5qr7V1i8PLHdl6Zf87I+xZXFvPCXYjiTFq+YSDQ=="],

    "@types/react": ["@types/react@19.1.13", "", { "dependencies": { "csstype": "^3.0.2" } }, "sha512-hHkbU/eoO3EG5/MZkuFSKmYqPbSVk5byPFa3e7y/8TybHiLMACgI8seVYlicwk7H5K/rI2px9xrQp/C+AUDTiQ=="],

    "bun-types": ["bun-types@1.2.22", "", { "dependencies": { "@types/node": "*" }, "peerDependencies": { "@types/react": "^19" } }, "sha512-hwaAu8tct/Zn6Zft4U9BsZcXkYomzpHJX28ofvx7k0Zz2HNz54n1n+tDgxoWFGB4PcFvJXJQloPhaV2eP3Q6EA=="],

    "csstype": ["csstype@3.1.3", "", {}, "sha512-M1uQkMl8rQK/szD0LNhtqxIPLpimGm8sOBwU7lLnCpSbTyY3yeU1Vc7l4KT5zT4s/yOxHH5O7tIuuLOCnLADRw=="],

    "effect": ["effect@3.17.14", "", { "dependencies": { "@standard-schema/spec": "^1.0.0", "fast-check": "^3.23.1" } }, "sha512-VpIZz72+cg3357vLkNHN8CG+Uq2X0QHNv3qkyGInvG3lG5K7Ala1JliGIAdgNvwzaN37J27FuzVD8m0kEiv2Ig=="],

    "fast-check": ["fast-check@3.23.2", "", { "dependencies": { "pure-rand": "^6.1.0" } }, "sha512-h5+1OzzfCC3Ef7VbtKdcv7zsstUQwUDlYpUTvjeUsJAssPgLn7QzbboPtL5ro04Mq0rPOsMzl7q5hIbRs2wD1A=="],

    "pure-rand": ["pure-rand@6.1.0", "", {}, "sha512-bVWawvoZoBYpp6yIoQtQXHZjmz35RSVHnUOTefl8Vcjr8snTPY1wnpSPMWekcFwbxI6gtmT7rSYPFvz71ldiOA=="],

    "typescript": ["typescript@5.9.2", "", { "bin": { "tsc": "bin/tsc", "tsserver": "bin/tsserver" } }, "sha512-CWBzXQrc/qOkhidw1OzBTQuYRbfyxDXJMVJ1XNwUHGROVmuaeiEm3OslpZ1RV96d7SKKjZKrSJu3+t/xlw3R9A=="],

    "undici-types": ["undici-types@7.12.0", "", {}, "sha512-goOacqME2GYyOZZfb5Lgtu+1IDmAlAEu5xnD3+xTzS10hT0vzpf0SPjkXwAw9Jm+4n/mQGDP3LO8CPbYROeBfQ=="],
  }
}
